
Microsoft Visual Studio Solution File, Format Version 12.00
# Visual Studio Version 17
VisualStudioVersion = 17.14.36511.14
MinimumVisualStudioVersion = 10.0.40219.1
Project("{2150E333-8FDC-42A3-9474-1A3956D46DE8}") = "Task0", "Task0", "{36D591C7-65C7-A0D1-1CBC-10CDE441BDC8}"
EndProject
Project("{FAE04EC0-301F-11D3-BF4B-00C04F79EFBC}") = "Tyuiu.DolgovIV.Sprint5.Task0.V22", "Tyuiu.DolgovIV.Sprint5.Task0.V22\Tyuiu.DolgovIV.Sprint5.Task0.V22.csproj", "{8A506A4F-E593-4688-B03C-D4FE78F4C3D6}"
EndProject
Project("{FAE04EC0-301F-11D3-BF4B-00C04F79EFBC}") = "Tyuiu.DolgovIV.Sprint5.Task0.V22.Test", "Tyuiu.DolgovIV.Sprint5.Task0.V22.Test\Tyuiu.DolgovIV.Sprint5.Task0.V22.Test.csproj", "{E25D50A8-F33D-45AB-BBC1-30184C2197A7}"
EndProject
Project("{FAE04EC0-301F-11D3-BF4B-00C04F79EFBC}") = "Tyuiu.DolgovIV.Sprint5.Task0.V22.Lib", "Tyuiu.DolgovIV.Sprint5.Task0.V22.Lib\Tyuiu.DolgovIV.Sprint5.Task0.V22.Lib.csproj", "{DDA2F559-5ADD-490A-8D78-0C1626BE879A}"
EndProject
Project("{2150E333-8FDC-42A3-9474-1A3956D46DE8}") = "Task1", "Task1", "{CE54ECD2-FD2F-4F65-863D-FE390AA183B7}"
EndProject
Project("{FAE04EC0-301F-11D3-BF4B-00C04F79EFBC}") = "Tyuiu.DolgovIV.Sprint5.Task1.V28.Lib", "Tyuiu.DolgovIV.Sprint5.Task1.V28.Lib\Tyuiu.DolgovIV.Sprint5.Task1.V28.Lib.csproj", "{A0C9845E-188F-4952-A5DB-4627E25A912F}"
EndProject
Project("{FAE04EC0-301F-11D3-BF4B-00C04F79EFBC}") = "Tyuiu.DolgovIV.Sprint5.Task1.V28", "Tyuiu.DolgovIV.Sprint5.Task1.V28\Tyuiu.DolgovIV.Sprint5.Task1.V28.csproj", "{33692C87-D58E-4C88-A50A-BA5A2AE65110}"
EndProject
Project("{FAE04EC0-301F-11D3-BF4B-00C04F79EFBC}") = "Tyuiu.DolgovIV.Sprint5.Task1.V28.Test", "Tyuiu.DolgovIV.Sprint5.Task1.V28.Test\Tyuiu.DolgovIV.Sprint5.Task1.V28.Test.csproj", "{9B25BA1F-A023-498A-A0B2-3BE0D989819B}"
EndProject
Project("{2150E333-8FDC-42A3-9474-1A3956D46DE8}") = "Task2", "Task2", "{FB3A751C-D3F3-4673-AB09-2EE62BBF7FB5}"
EndProject
Project("{FAE04EC0-301F-11D3-BF4B-00C04F79EFBC}") = "Tyuiu.DolgovIV.Sprint5.Task2.V29", "Tyuiu.DolgovIV.Sprint5.Task2.V29\Tyuiu.DolgovIV.Sprint5.Task2.V29.csproj", "{CE3C29F9-EC39-476D-BF83-2BFE824B57B5}"
EndProject
Project("{FAE04EC0-301F-11D3-BF4B-00C04F79EFBC}") = "Tyuiu.DolgovIV.Sprint5.Task2.V29.Test", "Tyuiu.DolgovIV.Sprint5.Task2.V29.Test\Tyuiu.DolgovIV.Sprint5.Task2.V29.Test.csproj", "{ECDD2BDE-ECAB-4867-BE79-CBC9EE1DF906}"
EndProject
Project("{FAE04EC0-301F-11D3-BF4B-00C04F79EFBC}") = "Tyuiu.DolgovIV.Sprint5.Task2.V29.Lib", "Tyuiu.DolgovIV.Sprint5.Task2.V29.Lib\Tyuiu.DolgovIV.Sprint5.Task2.V29.Lib.csproj", "{C63A1AB8-1E80-4458-A515-AD5D482792E1}"
EndProject
Project("{2150E333-8FDC-42A3-9474-1A3956D46DE8}") = "Task3", "Task3", "{BF73A99A-C5DB-4448-B104-792159C3E925}"
EndProject
Project("{FAE04EC0-301F-11D3-BF4B-00C04F79EFBC}") = "Tyuiu.DolgovIV.Sprint5.Task3.V6", "Tyuiu.DolgovIV.Sprint5.Task3.V6\Tyuiu.DolgovIV.Sprint5.Task3.V6.csproj", "{B04DD39C-3AAC-4988-A254-98ACD6C964E4}"
EndProject
Project("{FAE04EC0-301F-11D3-BF4B-00C04F79EFBC}") = "Tyuiu.DolgovIV.Sprint5.Task3.V6.Lib", "Tyuiu.DolgovIV.Sprint5.Task3.V6.Lib\Tyuiu.DolgovIV.Sprint5.Task3.V6.Lib.csproj", "{B2DE27D7-88CE-4FBC-9D75-7CF7999FFCB5}"
EndProject
Project("{FAE04EC0-301F-11D3-BF4B-00C04F79EFBC}") = "Tyuiu.DolgovIV.Sprint5.Task3.V6.Test", "Tyuiu.DolgovIV.Sprint5.Task3.V6.Test\Tyuiu.DolgovIV.Sprint5.Task3.V6.Test.csproj", "{1FB45D2D-18ED-4F2D-BBCE-CA2EA71DE994}"
EndProject
Project("{2150E333-8FDC-42A3-9474-1A3956D46DE8}") = "Task4", "Task4", "{963F55C4-761E-42FB-86DB-3E5040CBAA01}"
EndProject
Project("{FAE04EC0-301F-11D3-BF4B-00C04F79EFBC}") = "Tyuiu.DolgovIV.Sprint5.Task4.V21", "Tyuiu.DolgovIV.Sprint5.Task4.V21\Tyuiu.DolgovIV.Sprint5.Task4.V21.csproj", "{EC6FC6F1-D638-4AB9-A54F-576E8B39AA4F}"
EndProject
Project("{FAE04EC0-301F-11D3-BF4B-00C04F79EFBC}") = "Tyuiu.DolgovIV.Sprint5.Task4.V21.Test", "Tyuiu.DolgovIV.Sprint5.Task4.V21.Test\Tyuiu.DolgovIV.Sprint5.Task4.V21.Test.csproj", "{1C29030F-1C6D-44DA-862D-3996770299DE}"
EndProject
Project("{FAE04EC0-301F-11D3-BF4B-00C04F79EFBC}") = "Tyuiu.DolgovIV.Sprint5.Task4.V21.Lib", "Tyuiu.DolgovIV.Sprint5.Task4.V21.Lib\Tyuiu.DolgovIV.Sprint5.Task4.V21.Lib.csproj", "{F94B0AD7-E2C6-4B09-8EF1-16AA8FA70FCC}"
EndProject
Project("{2150E333-8FDC-42A3-9474-1A3956D46DE8}") = "Task5", "Task5", "{0852FA47-ACE1-4AD8-B834-A53EC8ADF4BB}"
EndProject
Project("{FAE04EC0-301F-11D3-BF4B-00C04F79EFBC}") = "Tyuiu.DolgovIV.Sprint5.Task5.V11.Lib", "Tyuiu.DolgovIV.Sprint5.Task5.V11.Lib\Tyuiu.DolgovIV.Sprint5.Task5.V11.Lib.csproj", "{33243C11-F434-4AB3-8971-5DA2EBDED1C2}"
EndProject
Project("{FAE04EC0-301F-11D3-BF4B-00C04F79EFBC}") = "Tyuiu.DolgovIV.Sprint5.Task5.V11.Test", "Tyuiu.DolgovIV.Sprint5.Task5.V11.Test\Tyuiu.DolgovIV.Sprint5.Task5.V11.Test.csproj", "{7AF2A8DA-01B9-4195-9B2E-77E852B7E347}"
EndProject
Project("{FAE04EC0-301F-11D3-BF4B-00C04F79EFBC}") = "Tyuiu.DolgovIV.Sprint5.Task5.V11", "Tyuiu.DolgovIV.Sprint5.Task5.V11\Tyuiu.DolgovIV.Sprint5.Task5.V11.csproj", "{CCA47055-429D-4FAB-9EAA-4FCAFB4A159C}"
EndProject
Project("{2150E333-8FDC-42A3-9474-1A3956D46DE8}") = "Task6", "Task6", "{F4812C0F-1438-44E3-93C3-5FCA46061739}"
EndProject
Project("{FAE04EC0-301F-11D3-BF4B-00C04F79EFBC}") = "Tyuiu.DolgovIV.Sprint5.Task6.V17", "Tyuiu.DolgovIV.Sprint5.Task6.V17\Tyuiu.DolgovIV.Sprint5.Task6.V17.csproj", "{974CC116-9FB7-4335-AE0E-6F62FF1BAAC9}"
EndProject
Project("{FAE04EC0-301F-11D3-BF4B-00C04F79EFBC}") = "Tyuiu.DolgovIV.Sprint5.Task6.V17.Test", "Tyuiu.DolgovIV.Sprint5.Task6.V17.Test\Tyuiu.DolgovIV.Sprint5.Task6.V17.Test.csproj", "{F681294B-CC65-4D7F-AE49-5E5E252EA4D1}"
EndProject
Project("{FAE04EC0-301F-11D3-BF4B-00C04F79EFBC}") = "Tyuiu.DolgovIV.Sprint5.Task6.V17.Lib", "Tyuiu.DolgovIV.Sprint5.Task6.V17.Lib\Tyuiu.DolgovIV.Sprint5.Task6.V17.Lib.csproj", "{B57B537E-6A93-4655-B8B7-1BC321AB940F}"
EndProject
Project("{2150E333-8FDC-42A3-9474-1A3956D46DE8}") = "Task7", "Task7", "{1A9C9686-BC00-4895-9809-A34C70EFA261}"
EndProject
Project("{FAE04EC0-301F-11D3-BF4B-00C04F79EFBC}") = "Tyuiu.DolgovIV.Sprint5.Task7.V25.Lib", "Tyuiu.DolgovIV.Sprint5.Task7.V25.Lib\Tyuiu.DolgovIV.Sprint5.Task7.V25.Lib.csproj", "{90FF5A66-A770-46FE-B7D4-013D6BA81476}"
EndProject
Project("{FAE04EC0-301F-11D3-BF4B-00C04F79EFBC}") = "Tyuiu.DolgovIV.Sprint5.Task7.V25.Test", "Tyuiu.DolgovIV.Sprint5.Task7.V25.Test\Tyuiu.DolgovIV.Sprint5.Task7.V25.Test.csproj", "{A0E9A8F0-BE95-457B-93CE-128BFADFEC86}"
EndProject
Project("{FAE04EC0-301F-11D3-BF4B-00C04F79EFBC}") = "Tyuiu.DolgovIV.Sprint5.Task7.V25", "Tyuiu.DolgovIV.Sprint5.Task7.V25\Tyuiu.DolgovIV.Sprint5.Task7.V25.csproj", "{1643677B-0462-4434-83DD-C510701B9560}"
EndProject
Global
	GlobalSection(SolutionConfigurationPlatforms) = preSolution
		Debug|Any CPU = Debug|Any CPU
		Release|Any CPU = Release|Any CPU
	EndGlobalSection
	GlobalSection(ProjectConfigurationPlatforms) = postSolution
		{8A506A4F-E593-4688-B03C-D4FE78F4C3D6}.Debug|Any CPU.ActiveCfg = Debug|Any CPU
		{8A506A4F-E593-4688-B03C-D4FE78F4C3D6}.Debug|Any CPU.Build.0 = Debug|Any CPU
		{8A506A4F-E593-4688-B03C-D4FE78F4C3D6}.Release|Any CPU.ActiveCfg = Release|Any CPU
		{8A506A4F-E593-4688-B03C-D4FE78F4C3D6}.Release|Any CPU.Build.0 = Release|Any CPU
		{E25D50A8-F33D-45AB-BBC1-30184C2197A7}.Debug|Any CPU.ActiveCfg = Debug|Any CPU
		{E25D50A8-F33D-45AB-BBC1-30184C2197A7}.Debug|Any CPU.Build.0 = Debug|Any CPU
		{E25D50A8-F33D-45AB-BBC1-30184C2197A7}.Release|Any CPU.ActiveCfg = Release|Any CPU
		{E25D50A8-F33D-45AB-BBC1-30184C2197A7}.Release|Any CPU.Build.0 = Release|Any CPU
		{DDA2F559-5ADD-490A-8D78-0C1626BE879A}.Debug|Any CPU.ActiveCfg = Debug|Any CPU
		{DDA2F559-5ADD-490A-8D78-0C1626BE879A}.Debug|Any CPU.Build.0 = Debug|Any CPU
		{DDA2F559-5ADD-490A-8D78-0C1626BE879A}.Release|Any CPU.ActiveCfg = Release|Any CPU
		{DDA2F559-5ADD-490A-8D78-0C1626BE879A}.Release|Any CPU.Build.0 = Release|Any CPU
		{A0C9845E-188F-4952-A5DB-4627E25A912F}.Debug|Any CPU.ActiveCfg = Debug|Any CPU
		{A0C9845E-188F-4952-A5DB-4627E25A912F}.Debug|Any CPU.Build.0 = Debug|Any CPU
		{A0C9845E-188F-4952-A5DB-4627E25A912F}.Release|Any CPU.ActiveCfg = Release|Any CPU
		{A0C9845E-188F-4952-A5DB-4627E25A912F}.Release|Any CPU.Build.0 = Release|Any CPU
		{33692C87-D58E-4C88-A50A-BA5A2AE65110}.Debug|Any CPU.ActiveCfg = Debug|Any CPU
		{33692C87-D58E-4C88-A50A-BA5A2AE65110}.Debug|Any CPU.Build.0 = Debug|Any CPU
		{33692C87-D58E-4C88-A50A-BA5A2AE65110}.Release|Any CPU.ActiveCfg = Release|Any CPU
		{33692C87-D58E-4C88-A50A-BA5A2AE65110}.Release|Any CPU.Build.0 = Release|Any CPU
		{9B25BA1F-A023-498A-A0B2-3BE0D989819B}.Debug|Any CPU.ActiveCfg = Debug|Any CPU
		{9B25BA1F-A023-498A-A0B2-3BE0D989819B}.Debug|Any CPU.Build.0 = Debug|Any CPU
		{9B25BA1F-A023-498A-A0B2-3BE0D989819B}.Release|Any CPU.ActiveCfg = Release|Any CPU
		{9B25BA1F-A023-498A-A0B2-3BE0D989819B}.Release|Any CPU.Build.0 = Release|Any CPU
		{CE3C29F9-EC39-476D-BF83-2BFE824B57B5}.Debug|Any CPU.ActiveCfg = Debug|Any CPU
		{CE3C29F9-EC39-476D-BF83-2BFE824B57B5}.Debug|Any CPU.Build.0 = Debug|Any CPU
		{CE3C29F9-EC39-476D-BF83-2BFE824B57B5}.Release|Any CPU.ActiveCfg = Release|Any CPU
		{CE3C29F9-EC39-476D-BF83-2BFE824B57B5}.Release|Any CPU.Build.0 = Release|Any CPU
		{ECDD2BDE-ECAB-4867-BE79-CBC9EE1DF906}.Debug|Any CPU.ActiveCfg = Debug|Any CPU
		{ECDD2BDE-ECAB-4867-BE79-CBC9EE1DF906}.Debug|Any CPU.Build.0 = Debug|Any CPU
		{ECDD2BDE-ECAB-4867-BE79-CBC9EE1DF906}.Release|Any CPU.ActiveCfg = Release|Any CPU
		{ECDD2BDE-ECAB-4867-BE79-CBC9EE1DF906}.Release|Any CPU.Build.0 = Release|Any CPU
		{C63A1AB8-1E80-4458-A515-AD5D482792E1}.Debug|Any CPU.ActiveCfg = Debug|Any CPU
		{C63A1AB8-1E80-4458-A515-AD5D482792E1}.Debug|Any CPU.Build.0 = Debug|Any CPU
		{C63A1AB8-1E80-4458-A515-AD5D482792E1}.Release|Any CPU.ActiveCfg = Release|Any CPU
		{C63A1AB8-1E80-4458-A515-AD5D482792E1}.Release|Any CPU.Build.0 = Release|Any CPU
		{B04DD39C-3AAC-4988-A254-98ACD6C964E4}.Debug|Any CPU.ActiveCfg = Debug|Any CPU
		{B04DD39C-3AAC-4988-A254-98ACD6C964E4}.Debug|Any CPU.Build.0 = Debug|Any CPU
		{B04DD39C-3AAC-4988-A254-98ACD6C964E4}.Release|Any CPU.ActiveCfg = Release|Any CPU
		{B04DD39C-3AAC-4988-A254-98ACD6C964E4}.Release|Any CPU.Build.0 = Release|Any CPU
		{B2DE27D7-88CE-4FBC-9D75-7CF7999FFCB5}.Debug|Any CPU.ActiveCfg = Debug|Any CPU
		{B2DE27D7-88CE-4FBC-9D75-7CF7999FFCB5}.Debug|Any CPU.Build.0 = Debug|Any CPU
		{B2DE27D7-88CE-4FBC-9D75-7CF7999FFCB5}.Release|Any CPU.ActiveCfg = Release|Any CPU
		{B2DE27D7-88CE-4FBC-9D75-7CF7999FFCB5}.Release|Any CPU.Build.0 = Release|Any CPU
		{1FB45D2D-18ED-4F2D-BBCE-CA2EA71DE994}.Debug|Any CPU.ActiveCfg = Debug|Any CPU
		{1FB45D2D-18ED-4F2D-BBCE-CA2EA71DE994}.Debug|Any CPU.Build.0 = Debug|Any CPU
		{1FB45D2D-18ED-4F2D-BBCE-CA2EA71DE994}.Release|Any CPU.ActiveCfg = Release|Any CPU
		{1FB45D2D-18ED-4F2D-BBCE-CA2EA71DE994}.Release|Any CPU.Build.0 = Release|Any CPU
		{EC6FC6F1-D638-4AB9-A54F-576E8B39AA4F}.Debug|Any CPU.ActiveCfg = Debug|Any CPU
		{EC6FC6F1-D638-4AB9-A54F-576E8B39AA4F}.Debug|Any CPU.Build.0 = Debug|Any CPU
		{EC6FC6F1-D638-4AB9-A54F-576E8B39AA4F}.Release|Any CPU.ActiveCfg = Release|Any CPU
		{EC6FC6F1-D638-4AB9-A54F-576E8B39AA4F}.Release|Any CPU.Build.0 = Release|Any CPU
		{1C29030F-1C6D-44DA-862D-3996770299DE}.Debug|Any CPU.ActiveCfg = Debug|Any CPU
		{1C29030F-1C6D-44DA-862D-3996770299DE}.Debug|Any CPU.Build.0 = Debug|Any CPU
		{1C29030F-1C6D-44DA-862D-3996770299DE}.Release|Any CPU.ActiveCfg = Release|Any CPU
		{1C29030F-1C6D-44DA-862D-3996770299DE}.Release|Any CPU.Build.0 = Release|Any CPU
		{F94B0AD7-E2C6-4B09-8EF1-16AA8FA70FCC}.Debug|Any CPU.ActiveCfg = Debug|Any CPU
		{F94B0AD7-E2C6-4B09-8EF1-16AA8FA70FCC}.Debug|Any CPU.Build.0 = Debug|Any CPU
		{F94B0AD7-E2C6-4B09-8EF1-16AA8FA70FCC}.Release|Any CPU.ActiveCfg = Release|Any CPU
		{F94B0AD7-E2C6-4B09-8EF1-16AA8FA70FCC}.Release|Any CPU.Build.0 = Release|Any CPU
		{33243C11-F434-4AB3-8971-5DA2EBDED1C2}.Debug|Any CPU.ActiveCfg = Debug|Any CPU
		{33243C11-F434-4AB3-8971-5DA2EBDED1C2}.Debug|Any CPU.Build.0 = Debug|Any CPU
		{33243C11-F434-4AB3-8971-5DA2EBDED1C2}.Release|Any CPU.ActiveCfg = Release|Any CPU
		{33243C11-F434-4AB3-8971-5DA2EBDED1C2}.Release|Any CPU.Build.0 = Release|Any CPU
		{7AF2A8DA-01B9-4195-9B2E-77E852B7E347}.Debug|Any CPU.ActiveCfg = Debug|Any CPU
		{7AF2A8DA-01B9-4195-9B2E-77E852B7E347}.Debug|Any CPU.Build.0 = Debug|Any CPU
		{7AF2A8DA-01B9-4195-9B2E-77E852B7E347}.Release|Any CPU.ActiveCfg = Release|Any CPU
		{7AF2A8DA-01B9-4195-9B2E-77E852B7E347}.Release|Any CPU.Build.0 = Release|Any CPU
		{CCA47055-429D-4FAB-9EAA-4FCAFB4A159C}.Debug|Any CPU.ActiveCfg = Debug|Any CPU
		{CCA47055-429D-4FAB-9EAA-4FCAFB4A159C}.Debug|Any CPU.Build.0 = Debug|Any CPU
		{CCA47055-429D-4FAB-9EAA-4FCAFB4A159C}.Release|Any CPU.ActiveCfg = Release|Any CPU
		{CCA47055-429D-4FAB-9EAA-4FCAFB4A159C}.Release|Any CPU.Build.0 = Release|Any CPU
		{974CC116-9FB7-4335-AE0E-6F62FF1BAAC9}.Debug|Any CPU.ActiveCfg = Debug|Any CPU
		{974CC116-9FB7-4335-AE0E-6F62FF1BAAC9}.Debug|Any CPU.Build.0 = Debug|Any CPU
		{974CC116-9FB7-4335-AE0E-6F62FF1BAAC9}.Release|Any CPU.ActiveCfg = Release|Any CPU
		{974CC116-9FB7-4335-AE0E-6F62FF1BAAC9}.Release|Any CPU.Build.0 = Release|Any CPU
		{F681294B-CC65-4D7F-AE49-5E5E252EA4D1}.Debug|Any CPU.ActiveCfg = Debug|Any CPU
		{F681294B-CC65-4D7F-AE49-5E5E252EA4D1}.Debug|Any CPU.Build.0 = Debug|Any CPU
		{F681294B-CC65-4D7F-AE49-5E5E252EA4D1}.Release|Any CPU.ActiveCfg = Release|Any CPU
		{F681294B-CC65-4D7F-AE49-5E5E252EA4D1}.Release|Any CPU.Build.0 = Release|Any CPU
		{B57B537E-6A93-4655-B8B7-1BC321AB940F}.Debug|Any CPU.ActiveCfg = Debug|Any CPU
		{B57B537E-6A93-4655-B8B7-1BC321AB940F}.Debug|Any CPU.Build.0 = Debug|Any CPU
		{B57B537E-6A93-4655-B8B7-1BC321AB940F}.Release|Any CPU.ActiveCfg = Release|Any CPU
		{B57B537E-6A93-4655-B8B7-1BC321AB940F}.Release|Any CPU.Build.0 = Release|Any CPU
		{90FF5A66-A770-46FE-B7D4-013D6BA81476}.Debug|Any CPU.ActiveCfg = Debug|Any CPU
		{90FF5A66-A770-46FE-B7D4-013D6BA81476}.Debug|Any CPU.Build.0 = Debug|Any CPU
		{90FF5A66-A770-46FE-B7D4-013D6BA81476}.Release|Any CPU.ActiveCfg = Release|Any CPU
		{90FF5A66-A770-46FE-B7D4-013D6BA81476}.Release|Any CPU.Build.0 = Release|Any CPU
		{A0E9A8F0-BE95-457B-93CE-128BFADFEC86}.Debug|Any CPU.ActiveCfg = Debug|Any CPU
		{A0E9A8F0-BE95-457B-93CE-128BFADFEC86}.Debug|Any CPU.Build.0 = Debug|Any CPU
		{A0E9A8F0-BE95-457B-93CE-128BFADFEC86}.Release|Any CPU.ActiveCfg = Release|Any CPU
		{A0E9A8F0-BE95-457B-93CE-128BFADFEC86}.Release|Any CPU.Build.0 = Release|Any CPU
		{1643677B-0462-4434-83DD-C510701B9560}.Debug|Any CPU.ActiveCfg = Debug|Any CPU
		{1643677B-0462-4434-83DD-C510701B9560}.Debug|Any CPU.Build.0 = Debug|Any CPU
		{1643677B-0462-4434-83DD-C510701B9560}.Release|Any CPU.ActiveCfg = Release|Any CPU
		{1643677B-0462-4434-83DD-C510701B9560}.Release|Any CPU.Build.0 = Release|Any CPU
	EndGlobalSection
	GlobalSection(SolutionProperties) = preSolution
		HideSolutionNode = FALSE
	EndGlobalSection
	GlobalSection(NestedProjects) = preSolution
		{8A506A4F-E593-4688-B03C-D4FE78F4C3D6} = {36D591C7-65C7-A0D1-1CBC-10CDE441BDC8}
		{E25D50A8-F33D-45AB-BBC1-30184C2197A7} = {36D591C7-65C7-A0D1-1CBC-10CDE441BDC8}
		{DDA2F559-5ADD-490A-8D78-0C1626BE879A} = {36D591C7-65C7-A0D1-1CBC-10CDE441BDC8}
		{A0C9845E-188F-4952-A5DB-4627E25A912F} = {CE54ECD2-FD2F-4F65-863D-FE390AA183B7}
		{33692C87-D58E-4C88-A50A-BA5A2AE65110} = {CE54ECD2-FD2F-4F65-863D-FE390AA183B7}
		{9B25BA1F-A023-498A-A0B2-3BE0D989819B} = {CE54ECD2-FD2F-4F65-863D-FE390AA183B7}
		{CE3C29F9-EC39-476D-BF83-2BFE824B57B5} = {FB3A751C-D3F3-4673-AB09-2EE62BBF7FB5}
		{ECDD2BDE-ECAB-4867-BE79-CBC9EE1DF906} = {FB3A751C-D3F3-4673-AB09-2EE62BBF7FB5}
		{C63A1AB8-1E80-4458-A515-AD5D482792E1} = {FB3A751C-D3F3-4673-AB09-2EE62BBF7FB5}
		{B04DD39C-3AAC-4988-A254-98ACD6C964E4} = {BF73A99A-C5DB-4448-B104-792159C3E925}
		{B2DE27D7-88CE-4FBC-9D75-7CF7999FFCB5} = {BF73A99A-C5DB-4448-B104-792159C3E925}
		{1FB45D2D-18ED-4F2D-BBCE-CA2EA71DE994} = {BF73A99A-C5DB-4448-B104-792159C3E925}
		{EC6FC6F1-D638-4AB9-A54F-576E8B39AA4F} = {963F55C4-761E-42FB-86DB-3E5040CBAA01}
		{1C29030F-1C6D-44DA-862D-3996770299DE} = {963F55C4-761E-42FB-86DB-3E5040CBAA01}
		{F94B0AD7-E2C6-4B09-8EF1-16AA8FA70FCC} = {963F55C4-761E-42FB-86DB-3E5040CBAA01}
		{33243C11-F434-4AB3-8971-5DA2EBDED1C2} = {0852FA47-ACE1-4AD8-B834-A53EC8ADF4BB}
		{7AF2A8DA-01B9-4195-9B2E-77E852B7E347} = {0852FA47-ACE1-4AD8-B834-A53EC8ADF4BB}
		{CCA47055-429D-4FAB-9EAA-4FCAFB4A159C} = {0852FA47-ACE1-4AD8-B834-A53EC8ADF4BB}
		{974CC116-9FB7-4335-AE0E-6F62FF1BAAC9} = {F4812C0F-1438-44E3-93C3-5FCA46061739}
		{F681294B-CC65-4D7F-AE49-5E5E252EA4D1} = {F4812C0F-1438-44E3-93C3-5FCA46061739}
		{B57B537E-6A93-4655-B8B7-1BC321AB940F} = {F4812C0F-1438-44E3-93C3-5FCA46061739}
		{90FF5A66-A770-46FE-B7D4-013D6BA81476} = {1A9C9686-BC00-4895-9809-A34C70EFA261}
		{A0E9A8F0-BE95-457B-93CE-128BFADFEC86} = {1A9C9686-BC00-4895-9809-A34C70EFA261}
		{1643677B-0462-4434-83DD-C510701B9560} = {1A9C9686-BC00-4895-9809-A34C70EFA261}
	EndGlobalSection
	GlobalSection(ExtensibilityGlobals) = postSolution
		SolutionGuid = {7E2BC42D-1DE5-411F-B99A-37C80B98C19F}
	EndGlobalSection
EndGlobal
